// !$*UTF8*$!
{
	archiveVersion = 1;
	classes = {
	};
	objectVersion = 46;
	objects = {

/* Begin PBXBuildFile section */
		DF7BE69C1D6182430089DDAA /* AppDelegate.swift in Sources */ = {isa = PBXBuildFile; fileRef = DF7BE69B1D6182430089DDAA /* AppDelegate.swift */; };
		DF7BE69E1D6182430089DDAA /* ViewController.swift in Sources */ = {isa = PBXBuildFile; fileRef = DF7BE69D1D6182430089DDAA /* ViewController.swift */; };
		DF7BE6A11D6182430089DDAA /* Main.storyboard in Resources */ = {isa = PBXBuildFile; fileRef = DF7BE69F1D6182430089DDAA /* Main.storyboard */; };
		DF7BE6A31D6182430089DDAA /* Assets.xcassets in Resources */ = {isa = PBXBuildFile; fileRef = DF7BE6A21D6182430089DDAA /* Assets.xcassets */; };
		DF7BE6A61D6182430089DDAA /* LaunchScreen.storyboard in Resources */ = {isa = PBXBuildFile; fileRef = DF7BE6A41D6182430089DDAA /* LaunchScreen.storyboard */; };
		DF7BE6AE1D61829D0089DDAA /* Datos.swift in Sources */ = {isa = PBXBuildFile; fileRef = DF7BE6AD1D61829D0089DDAA /* Datos.swift */; };
		DF7BE6B01D618C5B0089DDAA /* ColoresStruct.swift in Sources */ = {isa = PBXBuildFile; fileRef = DF7BE6AF1D618C5B0089DDAA /* ColoresStruct.swift */; };
/* End PBXBuildFile section */

/* Begin PBXFileReference section */
		DF7BE6981D6182430089DDAA /* Hamburguesas.app */ = {isa = PBXFileReference; explicitFileType = wrapper.application; includeInIndex = 0; path = Hamburguesas.app; sourceTree = BUILT_PRODUCTS_DIR; };
		DF7BE69B1D6182430089DDAA /* AppDelegate.swift */ = {isa = PBXFileReference; lastKnownFileType = sourcecode.swift; path = AppDelegate.swift; sourceTree = "<group>"; };
		DF7BE69D1D6182430089DDAA /* ViewController.swift */ = {isa = PBXFileReference; lastKnownFileType = sourcecode.swift; path = ViewController.swift; sourceTree = "<group>"; };
		DF7BE6A01D6182430089DDAA /* Base */ = {isa = PBXFileReference; lastKnownFileType = file.storyboard; name = Base; path = Base.lproj/Main.storyboard; sourceTree = "<group>"; };
		DF7BE6A21D6182430089DDAA /* Assets.xcassets */ = {isa = PBXFileReference; lastKnownFileType = folder.assetcatalog; path = Assets.xcassets; sourceTree = "<group>"; };
		DF7BE6A51D6182430089DDAA /* Base */ = {isa = PBXFileReference; lastKnownFileType = file.storyboard; name = Base; path = Base.lproj/LaunchScreen.storyboard; sourceTree = "<group>"; };
		DF7BE6A71D6182430089DDAA /* Info.plist */ = {isa = PBXFileReference; lastKnownFileType = text.plist.xml; path = Info.plist; sourceTree = "<group>"; };
		DF7BE6AD1D61829D0089DDAA /* Datos.swift */ = {isa = PBXFileReference; fileEncoding = 4; lastKnownFileType = sourcecode.swift; path = Datos.swift; sourceTree = "<group>"; };
		DF7BE6AF1D618C5B0089DDAA /* ColoresStruct.swift */ = {isa = PBXFileReference; fileEncoding = 4; lastKnownFileType = sourcecode.swift; path = ColoresStruct.swift; sourceTree = "<group>"; };
/* End PBXFileReference section */

/* Begin PBXFrameworksBuildPhase section */
		DF7BE6951D6182430089DDAA /* Frameworks */ = {
			isa = PBXFrameworksBuildPhase;
			buildActionMask = 2147483647;
			files = (
			);
			runOnlyForDeploymentPostprocessing = 0;
		};
/* End PBXFrameworksBuildPhase section */

/* Begin PBXGroup section */
		DF7BE68F1D6182430089DDAA = {
			isa = PBXGroup;
			children = (
				DF7BE69A1D6182430089DDAA /* Hamburguesas */,
				DF7BE6991D6182430089DDAA /* Products */,
			);
			sourceTree = "<group>";
		};
		DF7BE6991D6182430089DDAA /* Products */ = {
			isa = PBXGroup;
			children = (
				DF7BE6981D6182430089DDAA /* Hamburguesas.app */,
			);
			name = Products;
			sourceTree = "<group>";
		};
		DF7BE69A1D6182430089DDAA /* Hamburguesas */ = {
			isa = PBXGroup;
			children = (
				DF7BE6AF1D618C5B0089DDAA /* ColoresStruct.swift */,
				DF7BE69B1D6182430089DDAA /* AppDelegate.swift */,
				DF7BE69D1D6182430089DDAA /* ViewController.swift */,
				DF7BE69F1D6182430089DDAA /* Main.storyboard */,
				DF7BE6A21D6182430089DDAA /* Assets.xcassets */,
				DF7BE6A41D6182430089DDAA /* LaunchScreen.storyboard */,
				DF7BE6A71D6182430089DDAA /* Info.plist */,
				DF7BE6AD1D61829D0089DDAA /* Datos.swift */,
			);
			path = Hamburguesas;
			sourceTree = "<group>";
		};
/* End PBXGroup section */

/* Begin PBXNativeTarget section */
		DF7BE6971D6182430089DDAA /* Hamburguesas */ = {
			isa = PBXNativeTarget;
			buildConfigurationList = DF7BE6AA1D6182430089DDAA /* Build configuration list for PBXNativeTarget "Hamburguesas" */;
			buildPhases = (
				DF7BE6941D6182430089DDAA /* Sources */,
				DF7BE6951D6182430089DDAA /* Frameworks */,
				DF7BE6961D6182430089DDAA /* Resources */,
			);
			buildRules = (
			);
			dependencies = (
			);
			name = Hamburguesas;
			productName = Hamburguesas;
			productReference = DF7BE6981D6182430089DDAA /* Hamburguesas.app */;
			productType = "com.apple.product-type.application";
		};
/* End PBXNativeTarget section */

/* Begin PBXProject section */
		DF7BE6901D6182430089DDAA /* Project object */ = {
			isa = PBXProject;
			attributes = {
				LastSwiftUpdateCheck = 0720;
				LastUpgradeCheck = 0720;
				ORGANIZATIONNAME = "Guillermo Varela";
				TargetAttributes = {
					DF7BE6971D6182430089DDAA = {
						CreatedOnToolsVersion = 7.2.1;
					};
				};
			};
			buildConfigurationList = DF7BE6931D6182430089DDAA /* Build configuration list for PBXProject "Hamburguesas" */;
			compatibilityVersion = "Xcode 3.2";
			developmentRegion = English;
			hasScannedForEncodings = 0;
			knownRegions = (
				en,
				Base,
			);
			mainGroup = DF7BE68F1D6182430089DDAA;
			productRefGroup = DF7BE6991D6182430089DDAA /* Products */;
			projectDirPath = "";
			projectRoot = "";
			targets = (
				DF7BE6971D6182430089DDAA /* Hamburguesas */,
			);
		};
/* End PBXProject section */

/* Begin PBXResourcesBuildPhase section */
		DF7BE6961D6182430089DDAA /* Resources */ = {
			isa = PBXResourcesBuildPhase;
			buildActionMask = 2147483647;
			files = (
				DF7BE6A61D6182430089DDAA /* LaunchScreen.storyboard in Resources */,
				DF7BE6A31D6182430089DDAA /* Assets.xcassets in Resources */,
				DF7BE6A11D6182430089DDAA /* Main.storyboard in Resources */,
			);
			runOnlyForDeploymentPostprocessing = 0;
		};
/* End PBXResourcesBuildPhase section */

/* Begin PBXSourcesBuildPhase section */
		DF7BE6941D6182430089DDAA /* Sources */ = {
			isa = PBXSourcesBuildPhase;
			buildActionMask = 2147483647;
			files = (
				DF7BE69E1D6182430089DDAA /* ViewController.swift in Sources */,
				DF7BE69C1D6182430089DDAA /* AppDelegate.swift in Sources */,
				DF7BE6B01D618C5B0089DDAA /* ColoresStruct.swift in Sources */,
				DF7BE6AE1D61829D0089DDAA /* Datos.swift in Sources */,
			);
			runOnlyForDeploymentPostprocessing = 0;
		};
/* End PBXSourcesBuildPhase section */

/* Begin PBXVariantGroup section */
		DF7BE69F1D6182430089DDAA /* Main.storyboard */ = {
			isa = PBXVariantGroup;
			children = (
				DF7BE6A01D6182430089DDAA /* Base */,
			);
			name = Main.storyboard;
			sourceTree = "<group>";
		};
		DF7BE6A41D6182430089DDAA /* LaunchScreen.storyboard */ = {
			isa = PBXVariantGroup;
			children = (
				DF7BE6A51D6182430089DDAA /* Base */,
			);
			name = LaunchScreen.storyboard;
			sourceTree = "<group>";
		};
/* End PBXVariantGroup section */

/* Begin XCBuildConfiguration section */
		DF7BE6A81D6182430089DDAA /* Debug */ = {
			isa = XCBuildConfiguration;
			buildSettings = {
				ALWAYS_SEARCH_USER_PATHS = NO;
				CLANG_CXX_LANGUAGE_STANDARD = "gnu++0x";
				CLANG_CXX_LIBRARY = "libc++";
				CLANG_ENABLE_MODULES = YES;
				CLANG_ENABLE_OBJC_ARC = YES;
				CLANG_WARN_BOOL_CONVERSION = YES;
				CLANG_WARN_CONSTANT_CONVERSION = YES;
				CLANG_WARN_DIRECT_OBJC_ISA_USAGE = YES_ERROR;
				CLANG_WARN_EMPTY_BODY = YES;
				CLANG_WARN_ENUM_CONVERSION = YES;
				CLANG_WARN_INT_CONVERSION = YES;
				CLANG_WARN_OBJC_ROOT_CLASS = YES_ERROR;
				CLANG_WARN_UNREACHABLE_CODE = YES;
				CLANG_WARN__DUPLICATE_METHOD_MATCH = YES;
				"CODE_SIGN_IDENTITY[sdk=iphoneos*]" = "iPhone Developer";
				COPY_PHASE_STRIP = NO;
				DEBUG_INFORMATION_FORMAT = dwarf;
				ENABLE_STRICT_OBJC_MSGSEND = YES;
				ENABLE_TESTABILITY = YES;
				GCC_C_LANGUAGE_STANDARD = gnu99;
				GCC_DYNAMIC_NO_PIC = NO;
				GCC_NO_COMMON_BLOCKS = YES;
				GCC_OPTIMIZATION_LEVEL = 0;
				GCC_PREPROCESSOR_DEFINITIONS = (
					"DEBUG=1",
					"$(inherited)",
				);
				GCC_WARN_64_TO_32_BIT_CONVERSION = YES;
				GCC_WARN_ABOUT_RETURN_TYPE = YES_ERROR;
				GCC_WARN_UNDECLARED_SELECTOR = YES;
				GCC_WARN_UNINITIALIZED_AUTOS = YES_AGGRESSIVE;
				GCC_WARN_UNUSED_FUNCTION = YES;
				GCC_WARN_UNUSED_VARIABLE = YES;
				IPHONEOS_DEPLOYMENT_TARGET = 9.2;
				MTL_ENABLE_DEBUG_INFO = YES;
				ONLY_ACTIVE_ARCH = YES;
				SDKROOT = iphoneos;
				SWIFT_OPTIMIZATION_LEVEL = "-Onone";
			};
			name = Debug;
		};
		DF7BE6A91D6182430089DDAA /* Release */ = {
			isa = XCBuildConfiguration;
			buildSettings = {
				ALWAYS_SEARCH_USER_PATHS = NO;
				CLANG_CXX_LANGUAGE_STANDARD = "gnu++0x";
				CLANG_CXX_LIBRARY = "libc++";
				CLANG_ENABLE_MODULES = YES;
				CLANG_ENABLE_OBJC_ARC = YES;
				CLANG_WARN_BOOL_CONVERSION = YES;
				CLANG_WARN_CONSTANT_CONVERSION = YES;
				CLANG_WARN_DIRECT_OBJC_ISA_USAGE = YES_ERROR;
				CLANG_WARN_EMPTY_BODY = YES;
				CLANG_WARN_ENUM_CONVERSION = YES;
				CLANG_WARN_INT_CONVERSION = YES;
				CLANG_WARN_OBJC_ROOT_CLASS = YES_ERROR;
				CLANG_WARN_UNREACHABLE_CODE = YES;
				CLANG_WARN__DUPLICATE_METHOD_MATCH = YES;
				"CODE_SIGN_IDENTITY[sdk=iphoneos*]" = "iPhone Developer";
				COPY_PHASE_STRIP = NO;
				DEBUG_INFORMATION_FORMAT = "dwarf-with-dsym";
				ENABLE_NS_ASSERTIONS = NO;
				ENABLE_STRICT_OBJC_MSGSEND = YES;
				GCC_C_LANGUAGE_STANDARD = gnu99;
				GCC_NO_COMMON_BLOCKS = YES;
				GCC_WARN_64_TO_32_BIT_CONVERSION = YES;
				GCC_WARN_ABOUT_RETURN_TYPE = YES_ERROR;
				GCC_WARN_UNDECLARED_SELECTOR = YES;
				GCC_WARN_UNINITIALIZED_AUTOS = YES_AGGRESSIVE;
				GCC_WARN_UNUSED_FUNCTION = YES;
				GCC_WARN_UNUSED_VARIABLE = YES;
				IPHONEOS_DEPLOYMENT_TARGET = 9.2;
				MTL_ENABLE_DEBUG_INFO = NO;
				SDKROOT = iphoneos;
				VALIDATE_PRODUCT = YES;
			};
			name = Release;
		};
		DF7BE6AB1D6182430089DDAA /* Debug */ = {
			isa = XCBuildConfiguration;
			buildSettings = {
				ASSETCATALOG_COMPILER_APPICON_NAME = AppIcon;
				INFOPLIST_FILE = Hamburguesas/Info.plist;
				LD_RUNPATH_SEARCH_PATHS = "$(inherited) @executable_path/Frameworks";
				PRODUCT_BUNDLE_IDENTIFIER = "com.blogspot.nombre-temp.Hamburguesas";
				PRODUCT_NAME = "$(TARGET_NAME)";
			};
			name = Debug;
		};
		DF7BE6AC1D6182430089DDAA /* Release */ = {
			isa = XCBuildConfiguration;
			buildSettings = {
				ASSETCATALOG_COMPILER_APPICON_NAME = AppIcon;
				INFOPLIST_FILE = Hamburguesas/Info.plist;
				LD_RUNPATH_SEARCH_PATHS = "$(inherited) @executable_path/Frameworks";
				PRODUCT_BUNDLE_IDENTIFIER = "com.blogspot.nombre-temp.Hamburguesas";
				PRODUCT_NAME = "$(TARGET_NAME)";
			};
			name = Release;
		};
/* End XCBuildConfiguration section */

/* Begin XCConfigurationList section */
		DF7BE6931D6182430089DDAA /* Build configuration list for PBXProject "Hamburguesas" */ = {
			isa = XCConfigurationList;
			buildConfigurations = (
				DF7BE6A81D6182430089DDAA /* Debug */,
				DF7BE6A91D6182430089DDAA /* Release */,
			);
			defaultConfigurationIsVisible = 0;
			defaultConfigurationName = Release;
		};
		DF7BE6AA1D6182430089DDAA /* Build configuration list for PBXNativeTarget "Hamburguesas" */ = {
			isa = XCConfigurationList;
			buildConfigurations = (
				DF7BE6AB1D6182430089DDAA /* Debug */,
				DF7BE6AC1D6182430089DDAA /* Release */,
			);
			defaultConfigurationIsVisible = 0;
			defaultConfigurationName = Release;
		};
/* End XCConfigurationList section */
	};
	rootObject = DF7BE6901D6182430089DDAA /* Project object */;
}
